
Microsoft Visual Studio Solution File, Format Version 12.00
# Visual Studio Version 17
VisualStudioVersion = 17.0.31903.59
MinimumVisualStudioVersion = 10.0.40219.1
Project("{FAE04EC0-301F-11D3-BF4B-00C04F79EFBC}") = "KidsRewards.Api", "KidsRewards.Api\KidsRewards.Api.csproj", "{14F6E23D-F8E9-4061-A13A-4AEC8B7F779E}"
EndProject
Project("{FAE04EC0-301F-11D3-BF4B-00C04F79EFBC}") = "KidsRewards.Api.Tests", "KidsRewards.Api.Tests\KidsRewards.Api.Tests.csproj", "{012FCF43-7E19-4942-B09B-3FE59D1B279C}"
EndProject
Global
	GlobalSection(SolutionConfigurationPlatforms) = preSolution
		Debug|Any CPU = Debug|Any CPU
		Release|Any CPU = Release|Any CPU
	EndGlobalSection
	GlobalSection(SolutionProperties) = preSolution
		HideSolutionNode = FALSE
	EndGlobalSection
	GlobalSection(ProjectConfigurationPlatforms) = postSolution
		{14F6E23D-F8E9-4061-A13A-4AEC8B7F779E}.Debug|Any CPU.ActiveCfg = Debug|Any CPU
		{14F6E23D-F8E9-4061-A13A-4AEC8B7F779E}.Debug|Any CPU.Build.0 = Debug|Any CPU
		{14F6E23D-F8E9-4061-A13A-4AEC8B7F779E}.Release|Any CPU.ActiveCfg = Release|Any CPU
		{14F6E23D-F8E9-4061-A13A-4AEC8B7F779E}.Release|Any CPU.Build.0 = Release|Any CPU
		{012FCF43-7E19-4942-B09B-3FE59D1B279C}.Debug|Any CPU.ActiveCfg = Debug|Any CPU
		{012FCF43-7E19-4942-B09B-3FE59D1B279C}.Debug|Any CPU.Build.0 = Debug|Any CPU
		{012FCF43-7E19-4942-B09B-3FE59D1B279C}.Release|Any CPU.ActiveCfg = Release|Any CPU
		{012FCF43-7E19-4942-B09B-3FE59D1B279C}.Release|Any CPU.Build.0 = Release|Any CPU
	EndGlobalSection
EndGlobal
